{
  "requires": true,
  "lockfileVersion": 1,
  "dependencies": {
    "catsparsemit": {
      "version": "1.0.2",
      "resolved": "https://registry.npmjs.org/catsparsemit/-/catsparsemit-1.0.2.tgz",
      "integrity": "sha512-KDzUjcX5D5md/vlBBWdHtQxqTBJ1i3QuLFEskcZOjBDp++2ohckSg9rv4vj33CysNy1nYS56kNaar+3Fjt1h+g=="
    }
  }
}
